{
    "version": 3,
    "terraform_version": "0.9.4",
    "serial": 43,
    "lineage": "be77f244-a8fb-4591-8e91-ed42fecac9d5",
    "modules": [
        {
            "path": [
                "root"
            ],
            "outputs": {},
            "resources": {
                "aws_alb.HashiALB1": {
                    "type": "aws_alb",
                    "depends_on": [
                        "aws_subnet.HashiWebnet_USE1a_Pub",
                        "aws_subnet.HashiWebnet_USE1b_Pub",
                        "aws_subnet.HashiWebnet_USE1c_Pub"
                    ],
                    "primary": {
                        "id": "arn:aws:elasticloadbalancing:us-east-1:597819388283:loadbalancer/app/HashiALB1/ff6a117f8cd7e7d5",
                        "attributes": {
                            "access_logs.#": "0",
                            "arn": "arn:aws:elasticloadbalancing:us-east-1:597819388283:loadbalancer/app/HashiALB1/ff6a117f8cd7e7d5",
                            "arn_suffix": "app/HashiALB1/ff6a117f8cd7e7d5",
                            "dns_name": "HashiALB1-489005510.us-east-1.elb.amazonaws.com",
                            "enable_deletion_protection": "true",
                            "id": "arn:aws:elasticloadbalancing:us-east-1:597819388283:loadbalancer/app/HashiALB1/ff6a117f8cd7e7d5",
                            "idle_timeout": "60",
                            "internal": "false",
                            "ip_address_type": "ipv4",
                            "name": "HashiALB1",
                            "security_groups.#": "1",
                            "security_groups.849454907": "sg-4bda6435",
                            "subnets.#": "3",
                            "subnets.148805115": "subnet-9942b2c3",
                            "subnets.2442725491": "subnet-7a55af56",
                            "subnets.2489216731": "subnet-9f2790d7",
                            "tags.%": "0",
                            "vpc_id": "vpc-12fe176b",
                            "zone_id": "Z35SXDOTRQ7X7K"
                        },
                        "meta": {},
                        "tainted": false
                    },
                    "deposed": [],
                    "provider": ""
                },
                "aws_alb_listener.front_end": {
                    "type": "aws_alb_listener",
                    "depends_on": [
                        "aws_alb.HashiALB1",
                        "aws_alb_target_group.WebTargetGroup"
                    ],
                    "primary": {
                        "id": "arn:aws:elasticloadbalancing:us-east-1:597819388283:listener/app/HashiALB1/ff6a117f8cd7e7d5/63950a12a2114b2a",
                        "attributes": {
                            "arn": "arn:aws:elasticloadbalancing:us-east-1:597819388283:listener/app/HashiALB1/ff6a117f8cd7e7d5/63950a12a2114b2a",
                            "default_action.#": "1",
                            "default_action.0.target_group_arn": "arn:aws:elasticloadbalancing:us-east-1:597819388283:targetgroup/HashiWebTargetGroup/a00c714ffc9cf89b",
                            "default_action.0.type": "forward",
                            "id": "arn:aws:elasticloadbalancing:us-east-1:597819388283:listener/app/HashiALB1/ff6a117f8cd7e7d5/63950a12a2114b2a",
                            "load_balancer_arn": "arn:aws:elasticloadbalancing:us-east-1:597819388283:loadbalancer/app/HashiALB1/ff6a117f8cd7e7d5",
                            "port": "80",
                            "protocol": "HTTP",
                            "ssl_policy": ""
                        },
                        "meta": {},
                        "tainted": false
                    },
                    "deposed": [],
                    "provider": ""
                },
                "aws_alb_target_group.WebTargetGroup": {
                    "type": "aws_alb_target_group",
                    "depends_on": [
                        "aws_vpc.hashi_vpc"
                    ],
                    "primary": {
                        "id": "arn:aws:elasticloadbalancing:us-east-1:597819388283:targetgroup/HashiWebTargetGroup/a00c714ffc9cf89b",
                        "attributes": {
                            "arn": "arn:aws:elasticloadbalancing:us-east-1:597819388283:targetgroup/HashiWebTargetGroup/a00c714ffc9cf89b",
                            "arn_suffix": "targetgroup/HashiWebTargetGroup/a00c714ffc9cf89b",
                            "deregistration_delay": "300",
                            "health_check.#": "1",
                            "health_check.0.healthy_threshold": "5",
                            "health_check.0.interval": "30",
                            "health_check.0.matcher": "200",
                            "health_check.0.path": "/",
                            "health_check.0.port": "traffic-port",
                            "health_check.0.protocol": "HTTP",
                            "health_check.0.timeout": "5",
                            "health_check.0.unhealthy_threshold": "2",
                            "id": "arn:aws:elasticloadbalancing:us-east-1:597819388283:targetgroup/HashiWebTargetGroup/a00c714ffc9cf89b",
                            "name": "HashiWebTargetGroup",
                            "port": "80",
                            "protocol": "HTTP",
                            "stickiness.#": "1",
                            "stickiness.0.cookie_duration": "86400",
                            "stickiness.0.enabled": "false",
                            "stickiness.0.type": "lb_cookie",
                            "tags.%": "0",
                            "vpc_id": "vpc-12fe176b"
                        },
                        "meta": {},
                        "tainted": false
                    },
                    "deposed": [],
                    "provider": ""
                },
                "aws_alb_target_group_attachment.alb1": {
                    "type": "aws_alb_target_group_attachment",
                    "depends_on": [
                        "aws_alb_target_group.WebTargetGroup",
                        "aws_instance.web1"
                    ],
                    "primary": {
                        "id": "arn:aws:elasticloadbalancing:us-east-1:597819388283:targetgroup/HashiWebTargetGroup/a00c714ffc9cf89b-00afa51a7b0f2e2bf444321efa",
                        "attributes": {
                            "id": "arn:aws:elasticloadbalancing:us-east-1:597819388283:targetgroup/HashiWebTargetGroup/a00c714ffc9cf89b-00afa51a7b0f2e2bf444321efa",
                            "port": "80",
                            "target_group_arn": "arn:aws:elasticloadbalancing:us-east-1:597819388283:targetgroup/HashiWebTargetGroup/a00c714ffc9cf89b",
                            "target_id": "i-0aa37fd863b090ea2"
                        },
                        "meta": {},
                        "tainted": false
                    },
                    "deposed": [],
                    "provider": ""
                },
                "aws_alb_target_group_attachment.alb2": {
                    "type": "aws_alb_target_group_attachment",
                    "depends_on": [
                        "aws_alb_target_group.WebTargetGroup",
                        "aws_instance.web2"
                    ],
                    "primary": {
                        "id": "arn:aws:elasticloadbalancing:us-east-1:597819388283:targetgroup/HashiWebTargetGroup/a00c714ffc9cf89b-00dcc53157af1e755868c9b1c6",
                        "attributes": {
                            "id": "arn:aws:elasticloadbalancing:us-east-1:597819388283:targetgroup/HashiWebTargetGroup/a00c714ffc9cf89b-00dcc53157af1e755868c9b1c6",
                            "port": "80",
                            "target_group_arn": "arn:aws:elasticloadbalancing:us-east-1:597819388283:targetgroup/HashiWebTargetGroup/a00c714ffc9cf89b",
                            "target_id": "i-02569057d5814c119"
                        },
                        "meta": {},
                        "tainted": false
                    },
                    "deposed": [],
                    "provider": ""
                },
                "aws_alb_target_group_attachment.alb3": {
                    "type": "aws_alb_target_group_attachment",
                    "depends_on": [
                        "aws_alb_target_group.WebTargetGroup",
                        "aws_instance.web3"
                    ],
                    "primary": {
                        "id": "arn:aws:elasticloadbalancing:us-east-1:597819388283:targetgroup/HashiWebTargetGroup/a00c714ffc9cf89b-00afa51a7b0f2e2bf444321efb",
                        "attributes": {
                            "id": "arn:aws:elasticloadbalancing:us-east-1:597819388283:targetgroup/HashiWebTargetGroup/a00c714ffc9cf89b-00afa51a7b0f2e2bf444321efb",
                            "port": "80",
                            "target_group_arn": "arn:aws:elasticloadbalancing:us-east-1:597819388283:targetgroup/HashiWebTargetGroup/a00c714ffc9cf89b",
                            "target_id": "i-0278b5ea7a190581a"
                        },
                        "meta": {},
                        "tainted": false
                    },
                    "deposed": [],
                    "provider": ""
                },
                "aws_instance.app2": {
                    "type": "aws_instance",
                    "depends_on": [],
                    "primary": {
                        "id": "i-0a5357428c7746515",
                        "attributes": {
                            "ami": "ami-7d0f786b",
                            "associate_public_ip_address": "false",
                            "availability_zone": "us-east-1b",
                            "disable_api_termination": "false",
                            "ebs_block_device.#": "0",
                            "ebs_optimized": "false",
                            "ephemeral_block_device.#": "0",
                            "iam_instance_profile": "",
                            "id": "i-0a5357428c7746515",
                            "instance_state": "running",
                            "instance_type": "t2.micro",
                            "ipv6_address_count": "0",
                            "ipv6_addresses.#": "0",
                            "key_name": "AWSKeyPair",
                            "monitoring": "false",
                            "network_interface.#": "0",
                            "network_interface_id": "eni-e13c1305",
                            "primary_network_interface_id": "eni-e13c1305",
                            "private_dns": "ip-10-0-5-167.ec2.internal",
                            "private_ip": "10.0.5.167",
                            "public_dns": "",
                            "public_ip": "",
                            "root_block_device.#": "1",
                            "root_block_device.0.delete_on_termination": "true",
                            "root_block_device.0.iops": "100",
                            "root_block_device.0.volume_size": "8",
                            "root_block_device.0.volume_type": "gp2",
                            "security_groups.#": "0",
                            "source_dest_check": "true",
                            "subnet_id": "subnet-962493de",
                            "tags.%": "2",
                            "tags.Name": "Hashi_App2",
                            "tags.consul": "tagged",
                            "tenancy": "default",
                            "volume_tags.%": "0",
                            "vpc_security_group_ids.#": "1",
                            "vpc_security_group_ids.2835603233": "sg-4ed36d30"
                        },
                        "meta": {
                            "schema_version": "1"
                        },
                        "tainted": false
                    },
                    "deposed": [],
                    "provider": ""
                },
                "aws_instance.web1": {
                    "type": "aws_instance",
                    "depends_on": [],
                    "primary": {
                        "id": "i-0aa37fd863b090ea2",
                        "attributes": {
                            "ami": "ami-7d0f786b",
                            "associate_public_ip_address": "true",
                            "availability_zone": "us-east-1a",
                            "disable_api_termination": "false",
                            "ebs_block_device.#": "0",
                            "ebs_optimized": "false",
                            "ephemeral_block_device.#": "0",
                            "iam_instance_profile": "",
                            "id": "i-0aa37fd863b090ea2",
                            "instance_state": "running",
                            "instance_type": "t2.micro",
                            "ipv6_address_count": "0",
                            "ipv6_addresses.#": "0",
                            "key_name": "AWSKeyPair",
                            "monitoring": "false",
                            "network_interface.#": "0",
                            "network_interface_id": "eni-102cced9",
                            "primary_network_interface_id": "eni-102cced9",
                            "private_dns": "ip-10-0-1-40.ec2.internal",
                            "private_ip": "10.0.1.40",
                            "public_dns": "ec2-52-54-231-12.compute-1.amazonaws.com",
                            "public_ip": "52.54.231.12",
                            "root_block_device.#": "1",
                            "root_block_device.0.delete_on_termination": "true",
                            "root_block_device.0.iops": "100",
                            "root_block_device.0.volume_size": "8",
                            "root_block_device.0.volume_type": "gp2",
                            "security_groups.#": "0",
                            "source_dest_check": "true",
                            "subnet_id": "subnet-7a55af56",
                            "tags.%": "2",
                            "tags.Name": "Hashi_Web1",
                            "tags.consul": "tagged",
                            "tenancy": "default",
                            "volume_tags.%": "0",
                            "vpc_security_group_ids.#": "1",
                            "vpc_security_group_ids.849454907": "sg-4bda6435"
                        },
                        "meta": {
                            "schema_version": "1"
                        },
                        "tainted": false
                    },
                    "deposed": [],
                    "provider": ""
                },
                "aws_instance.web2": {
                    "type": "aws_instance",
                    "depends_on": [],
                    "primary": {
                        "id": "i-02569057d5814c119",
                        "attributes": {
                            "ami": "ami-7d0f786b",
                            "associate_public_ip_address": "true",
                            "availability_zone": "us-east-1b",
                            "disable_api_termination": "false",
                            "ebs_block_device.#": "0",
                            "ebs_optimized": "false",
                            "ephemeral_block_device.#": "0",
                            "iam_instance_profile": "",
                            "id": "i-02569057d5814c119",
                            "instance_state": "running",
                            "instance_type": "t2.micro",
                            "ipv6_address_count": "0",
                            "ipv6_addresses.#": "0",
                            "key_name": "AWSKeyPair",
                            "monitoring": "false",
                            "network_interface.#": "0",
                            "network_interface_id": "eni-688ca38c",
                            "primary_network_interface_id": "eni-688ca38c",
                            "private_dns": "ip-10-0-2-6.ec2.internal",
                            "private_ip": "10.0.2.6",
                            "public_dns": "ec2-34-224-51-149.compute-1.amazonaws.com",
                            "public_ip": "34.224.51.149",
                            "root_block_device.#": "1",
                            "root_block_device.0.delete_on_termination": "true",
                            "root_block_device.0.iops": "100",
                            "root_block_device.0.volume_size": "8",
                            "root_block_device.0.volume_type": "gp2",
                            "security_groups.#": "0",
                            "source_dest_check": "true",
                            "subnet_id": "subnet-9f2790d7",
                            "tags.%": "2",
                            "tags.Name": "Hashi_Web2",
                            "tags.consul": "tagged",
                            "tenancy": "default",
                            "volume_tags.%": "0",
                            "vpc_security_group_ids.#": "1",
                            "vpc_security_group_ids.849454907": "sg-4bda6435"
                        },
                        "meta": {
                            "schema_version": "1"
                        },
                        "tainted": true
                    },
                    "deposed": [],
                    "provider": ""
                },
                "aws_instance.web3": {
                    "type": "aws_instance",
                    "depends_on": [],
                    "primary": {
                        "id": "i-0278b5ea7a190581a",
                        "attributes": {
                            "ami": "ami-7d0f786b",
                            "associate_public_ip_address": "true",
                            "availability_zone": "us-east-1c",
                            "disable_api_termination": "false",
                            "ebs_block_device.#": "0",
                            "ebs_optimized": "false",
                            "ephemeral_block_device.#": "0",
                            "iam_instance_profile": "",
                            "id": "i-0278b5ea7a190581a",
                            "instance_state": "running",
                            "instance_type": "t2.micro",
                            "ipv6_address_count": "0",
                            "ipv6_addresses.#": "0",
                            "key_name": "AWSKeyPair",
                            "monitoring": "false",
                            "network_interface.#": "0",
                            "network_interface_id": "eni-6ad879b1",
                            "primary_network_interface_id": "eni-6ad879b1",
                            "private_dns": "ip-10-0-3-201.ec2.internal",
                            "private_ip": "10.0.3.201",
                            "public_dns": "ec2-52-71-255-185.compute-1.amazonaws.com",
                            "public_ip": "52.71.255.185",
                            "root_block_device.#": "1",
                            "root_block_device.0.delete_on_termination": "true",
                            "root_block_device.0.iops": "100",
                            "root_block_device.0.volume_size": "8",
                            "root_block_device.0.volume_type": "gp2",
                            "security_groups.#": "0",
                            "source_dest_check": "true",
                            "subnet_id": "subnet-9942b2c3",
                            "tags.%": "2",
                            "tags.Name": "Hashi_Web3",
                            "tags.consul": "tagged",
                            "tenancy": "default",
                            "volume_tags.%": "0",
                            "vpc_security_group_ids.#": "1",
                            "vpc_security_group_ids.849454907": "sg-4bda6435"
                        },
                        "meta": {
                            "schema_version": "1"
                        },
                        "tainted": false
                    },
                    "deposed": [],
                    "provider": ""
                },
                "aws_internet_gateway.gw": {
                    "type": "aws_internet_gateway",
                    "depends_on": [],
                    "primary": {
                        "id": "igw-f94dea9f",
                        "attributes": {
                            "id": "igw-f94dea9f",
                            "tags.%": "1",
                            "tags.Name": "HashiVPN_IGW",
                            "vpc_id": "vpc-12fe176b"
                        },
                        "meta": {},
                        "tainted": false
                    },
                    "deposed": [],
                    "provider": "aws"
                },
                "aws_subnet.HashiAppnet_USE1b_Priv": {
                    "type": "aws_subnet",
                    "depends_on": [],
                    "primary": {
                        "id": "subnet-962493de",
                        "attributes": {
                            "assign_ipv6_address_on_creation": "false",
                            "availability_zone": "us-east-1b",
                            "cidr_block": "10.0.5.0/24",
                            "id": "subnet-962493de",
                            "map_public_ip_on_launch": "false",
                            "tags.%": "1",
                            "tags.Name": "HashiAppnet_USE1b_Priv",
                            "vpc_id": "vpc-12fe176b"
                        },
                        "meta": {
                            "schema_version": "1"
                        },
                        "tainted": false
                    },
                    "deposed": [],
                    "provider": "aws"
                },
                "aws_subnet.HashiWebnet_USE1a_Pub": {
                    "type": "aws_subnet",
                    "depends_on": [],
                    "primary": {
                        "id": "subnet-7a55af56",
                        "attributes": {
                            "assign_ipv6_address_on_creation": "false",
                            "availability_zone": "us-east-1a",
                            "cidr_block": "10.0.1.0/24",
                            "id": "subnet-7a55af56",
                            "map_public_ip_on_launch": "true",
                            "tags.%": "1",
                            "tags.Name": "HashiWebnet_USE1a_Pub",
                            "vpc_id": "vpc-12fe176b"
                        },
                        "meta": {
                            "schema_version": "1"
                        },
                        "tainted": false
                    },
                    "deposed": [],
                    "provider": "aws"
                },
                "aws_subnet.HashiWebnet_USE1b_Pub": {
                    "type": "aws_subnet",
                    "depends_on": [],
                    "primary": {
                        "id": "subnet-9f2790d7",
                        "attributes": {
                            "assign_ipv6_address_on_creation": "false",
                            "availability_zone": "us-east-1b",
                            "cidr_block": "10.0.2.0/24",
                            "id": "subnet-9f2790d7",
                            "map_public_ip_on_launch": "true",
                            "tags.%": "1",
                            "tags.Name": "HashiWebnet_USE1b_Pub",
                            "vpc_id": "vpc-12fe176b"
                        },
                        "meta": {
                            "schema_version": "1"
                        },
                        "tainted": false
                    },
                    "deposed": [],
                    "provider": "aws"
                },
                "aws_subnet.HashiWebnet_USE1c_Pub": {
                    "type": "aws_subnet",
                    "depends_on": [],
                    "primary": {
                        "id": "subnet-9942b2c3",
                        "attributes": {
                            "assign_ipv6_address_on_creation": "false",
                            "availability_zone": "us-east-1c",
                            "cidr_block": "10.0.3.0/24",
                            "id": "subnet-9942b2c3",
                            "map_public_ip_on_launch": "true",
                            "tags.%": "1",
                            "tags.Name": "HashiWebnet_USE1c_Pub",
                            "vpc_id": "vpc-12fe176b"
                        },
                        "meta": {
                            "schema_version": "1"
                        },
                        "tainted": false
                    },
                    "deposed": [],
                    "provider": "aws"
                },
                "aws_vpc.hashi_vpc": {
                    "type": "aws_vpc",
                    "depends_on": [],
                    "primary": {
                        "id": "vpc-12fe176b",
                        "attributes": {
                            "assign_generated_ipv6_cidr_block": "false",
                            "cidr_block": "10.0.0.0/16",
                            "default_network_acl_id": "acl-d1c74ba8",
                            "default_route_table_id": "rtb-7c01c004",
                            "default_security_group_id": "sg-22e55b5c",
                            "dhcp_options_id": "dopt-84cddee6",
                            "enable_classiclink": "false",
                            "enable_dns_hostnames": "true",
                            "enable_dns_support": "true",
                            "id": "vpc-12fe176b",
                            "instance_tenancy": "default",
                            "main_route_table_id": "rtb-7c01c004",
                            "tags.%": "1",
                            "tags.Name": "HashiVPC"
                        },
                        "meta": {
                            "schema_version": "1"
                        },
                        "tainted": false
                    },
                    "deposed": [],
                    "provider": "aws"
                }
            },
            "depends_on": []
        }
    ]
}
